
Microsoft Visual Studio Solution File, Format Version 12.00
# Visual Studio Version 16
VisualStudioVersion = 16.0.31729.503
MinimumVisualStudioVersion = 10.0.40219.1
Project("{FAE04EC0-301F-11D3-BF4B-00C04F79EFBC}") = "Tic_Tac_Toe", "Tic_Tac_Toe.csproj", "{A0AF2FAD-616F-4E4F-830F-E7EE12480314}"
EndProject
Global
	GlobalSection(SolutionConfigurationPlatforms) = preSolution
		Debug|Any CPU = Debug|Any CPU
		Release|Any CPU = Release|Any CPU
	EndGlobalSection
	GlobalSection(ProjectConfigurationPlatforms) = postSolution
		{A0AF2FAD-616F-4E4F-830F-E7EE12480314}.Debug|Any CPU.ActiveCfg = Debug|Any CPU
		{A0AF2FAD-616F-4E4F-830F-E7EE12480314}.Debug|Any CPU.Build.0 = Debug|Any CPU
		{A0AF2FAD-616F-4E4F-830F-E7EE12480314}.Release|Any CPU.ActiveCfg = Release|Any CPU
		{A0AF2FAD-616F-4E4F-830F-E7EE12480314}.Release|Any CPU.Build.0 = Release|Any CPU
	EndGlobalSection
	GlobalSection(SolutionProperties) = preSolution
		HideSolutionNode = FALSE
	EndGlobalSection
	GlobalSection(ExtensibilityGlobals) = postSolution
		SolutionGuid = {7439F4D8-4F66-4A87-8B02-1BB80D46840E}
	EndGlobalSection
EndGlobal
